
Microsoft Visual Studio Solution File, Format Version 12.00
# Visual Studio Version 16
VisualStudioVersion = 16.0.30523.141
MinimumVisualStudioVersion = 10.0.40219.1
Project("{FAE04EC0-301F-11D3-BF4B-00C04F79EFBC}") = "Centuria", "Centuria\Centuria.csproj", "{FA9447B3-AB37-47C9-897B-23ED0B75D534}"
EndProject
Project("{FAE04EC0-301F-11D3-BF4B-00C04F79EFBC}") = "Administrator", "Administrator\Administrator.csproj", "{D00331BD-F6E3-4644-807E-D0EBD55064A5}"
EndProject
Project("{FAE04EC0-301F-11D3-BF4B-00C04F79EFBC}") = "Core", "Core\Core.csproj", "{88B29FFC-20D9-480B-BC4D-83713CD88181}"
EndProject
Global
	GlobalSection(SolutionConfigurationPlatforms) = preSolution
		Debug|Any CPU = Debug|Any CPU
		Release|Any CPU = Release|Any CPU
	EndGlobalSection
	GlobalSection(ProjectConfigurationPlatforms) = postSolution
		{FA9447B3-AB37-47C9-897B-23ED0B75D534}.Debug|Any CPU.ActiveCfg = Debug|Any CPU
		{FA9447B3-AB37-47C9-897B-23ED0B75D534}.Debug|Any CPU.Build.0 = Debug|Any CPU
		{FA9447B3-AB37-47C9-897B-23ED0B75D534}.Release|Any CPU.ActiveCfg = Release|Any CPU
		{FA9447B3-AB37-47C9-897B-23ED0B75D534}.Release|Any CPU.Build.0 = Release|Any CPU
		{D00331BD-F6E3-4644-807E-D0EBD55064A5}.Debug|Any CPU.ActiveCfg = Debug|Any CPU
		{D00331BD-F6E3-4644-807E-D0EBD55064A5}.Debug|Any CPU.Build.0 = Debug|Any CPU
		{D00331BD-F6E3-4644-807E-D0EBD55064A5}.Release|Any CPU.ActiveCfg = Release|Any CPU
		{D00331BD-F6E3-4644-807E-D0EBD55064A5}.Release|Any CPU.Build.0 = Release|Any CPU
		{88B29FFC-20D9-480B-BC4D-83713CD88181}.Debug|Any CPU.ActiveCfg = Debug|Any CPU
		{88B29FFC-20D9-480B-BC4D-83713CD88181}.Debug|Any CPU.Build.0 = Debug|Any CPU
		{88B29FFC-20D9-480B-BC4D-83713CD88181}.Release|Any CPU.ActiveCfg = Release|Any CPU
		{88B29FFC-20D9-480B-BC4D-83713CD88181}.Release|Any CPU.Build.0 = Release|Any CPU
	EndGlobalSection
	GlobalSection(SolutionProperties) = preSolution
		HideSolutionNode = FALSE
	EndGlobalSection
	GlobalSection(ExtensibilityGlobals) = postSolution
		SolutionGuid = {6064EDD9-94BC-461E-9AA7-71556F9C03D1}
	EndGlobalSection
EndGlobal
